
Microsoft Visual Studio Solution File, Format Version 12.00
# Visual Studio Version 16
VisualStudioVersion = 16.0.31605.320
MinimumVisualStudioVersion = 10.0.40219.1
Project("{9A19103F-16F7-4668-BE54-9A1E7A4F7556}") = "Rectangle", "Rectangle\Rectangle.csproj", "{F3E1A73B-46BE-4636-8F81-95D8E2214713}"
EndProject
Project("{FAE04EC0-301F-11D3-BF4B-00C04F79EFBC}") = "Rectangle2", "Rectangle2\Rectangle2.csproj", "{C18EE988-45A1-4F5E-9BFE-F10608594748}"
EndProject
Global
	GlobalSection(SolutionConfigurationPlatforms) = preSolution
		Debug|Any CPU = Debug|Any CPU
		Release|Any CPU = Release|Any CPU
	EndGlobalSection
	GlobalSection(ProjectConfigurationPlatforms) = postSolution
		{F3E1A73B-46BE-4636-8F81-95D8E2214713}.Debug|Any CPU.ActiveCfg = Debug|Any CPU
		{F3E1A73B-46BE-4636-8F81-95D8E2214713}.Debug|Any CPU.Build.0 = Debug|Any CPU
		{F3E1A73B-46BE-4636-8F81-95D8E2214713}.Release|Any CPU.ActiveCfg = Release|Any CPU
		{F3E1A73B-46BE-4636-8F81-95D8E2214713}.Release|Any CPU.Build.0 = Release|Any CPU
		{C18EE988-45A1-4F5E-9BFE-F10608594748}.Debug|Any CPU.ActiveCfg = Debug|Any CPU
		{C18EE988-45A1-4F5E-9BFE-F10608594748}.Debug|Any CPU.Build.0 = Debug|Any CPU
		{C18EE988-45A1-4F5E-9BFE-F10608594748}.Release|Any CPU.ActiveCfg = Release|Any CPU
		{C18EE988-45A1-4F5E-9BFE-F10608594748}.Release|Any CPU.Build.0 = Release|Any CPU
	EndGlobalSection
	GlobalSection(SolutionProperties) = preSolution
		HideSolutionNode = FALSE
	EndGlobalSection
	GlobalSection(ExtensibilityGlobals) = postSolution
		SolutionGuid = {F1E03396-7F8B-4AE6-8625-E3C43B07A927}
	EndGlobalSection
EndGlobal
